{
  "name": "read",
  "version": "1.0.0",
  "lockfileVersion": 1,
  "requires": true,
  "dependencies": {
    "moonprism-markdown": {
      "version": "2.4.1",
      "resolved": "https://registry.npmjs.org/moonprism-markdown/-/moonprism-markdown-2.4.1.tgz",
      "integrity": "sha512-t9iBhJjxCjFhvyvvLfdqzIiqAWigX/GrCavoWnHrMYvKtebTYP5BLT8n3ybHLDjgI2lCcSGHkF1xk7wRopZJxA=="
    }
  }
}
